{
  "lockfile_version": "1",
  "packages": {
    "awscli2@latest": {
      "last_modified": "2025-05-19T23:16:24Z",
      "resolved": "github:NixOS/nixpkgs/359c442b7d1f6229c1dc978116d32d6c07fe8440#awscli2",
      "source": "devbox-search",
      "version": "2.27.2",
      "systems": {
        "aarch64-darwin": {
          "outputs": [
            {
              "name": "out",
              "path": "/nix/store/b5fa0fplfpiyx8zwc9y7d08a57lsk229-awscli2-2.27.2",
              "default": true
            },
            {
              "name": "dist",
              "path": "/nix/store/sc270lyggbhz78lcxh9khqmggayqpp6i-awscli2-2.27.2-dist"
            }
          ],
          "store_path": "/nix/store/b5fa0fplfpiyx8zwc9y7d08a57lsk229-awscli2-2.27.2"
        },
        "aarch64-linux": {
          "outputs": [
            {
              "name": "out",
              "path": "/nix/store/161s22pbddllc4mabgr5rvrpmhiffsp4-awscli2-2.27.2",
              "default": true
            },
            {
              "name": "dist",
              "path": "/nix/store/ss8xqzwn1l8qdbwlml439bx1ik13vxlk-awscli2-2.27.2-dist"
            }
          ],
          "store_path": "/nix/store/161s22pbddllc4mabgr5rvrpmhiffsp4-awscli2-2.27.2"
        },
        "x86_64-darwin": {
          "outputs": [
            {
              "name": "out",
              "path": "/nix/store/l18j8wgidf145m0zw6ydg8blim44hrkq-awscli2-2.27.2",
              "default": true
            },
            {
              "name": "dist",
              "path": "/nix/store/q9rzj2ikpl9vn4sns3ydsy7i8sachnha-awscli2-2.27.2-dist"
            }
          ],
          "store_path": "/nix/store/l18j8wgidf145m0zw6ydg8blim44hrkq-awscli2-2.27.2"
        },
        "x86_64-linux": {
          "outputs": [
            {
              "name": "out",
              "path": "/nix/store/gx3hx0b3lbm11sishxl4k7a7ha4w405q-awscli2-2.27.2",
              "default": true
            },
            {
              "name": "dist",
              "path": "/nix/store/r5cw3141myaf5lnzra9c0nc8prb2zv6y-awscli2-2.27.2-dist"
            }
          ],
          "store_path": "/nix/store/gx3hx0b3lbm11sishxl4k7a7ha4w405q-awscli2-2.27.2"
        }
      }
    },
    "fzf@latest": {
      "last_modified": "2025-05-16T20:19:48Z",
      "resolved": "github:NixOS/nixpkgs/12a55407652e04dcf2309436eb06fef0d3713ef3#fzf",
      "source": "devbox-search",
      "version": "0.62.0",
      "systems": {
        "aarch64-darwin": {
          "outputs": [
            {
              "name": "out",
              "path": "/nix/store/1azm167z54vppj0mr2r5j9f8gzmi87ia-fzf-0.62.0",
              "default": true
            },
            {
              "name": "man",
              "path": "/nix/store/qa24maj0wdglp5yvnsfwmwmr0j4iywb0-fzf-0.62.0-man",
              "default": true
            }
          ],
          "store_path": "/nix/store/1azm167z54vppj0mr2r5j9f8gzmi87ia-fzf-0.62.0"
        },
        "aarch64-linux": {
          "outputs": [
            {
              "name": "out",
              "path": "/nix/store/sj7mhk1cjxk1b89hn0wrcw4z7h6adkry-fzf-0.62.0",
              "default": true
            },
            {
              "name": "man",
              "path": "/nix/store/ykzik02dfj68hqw1g1g8gp1jvlp9gwk8-fzf-0.62.0-man",
              "default": true
            }
          ],
          "store_path": "/nix/store/sj7mhk1cjxk1b89hn0wrcw4z7h6adkry-fzf-0.62.0"
        },
        "x86_64-darwin": {
          "outputs": [
            {
              "name": "out",
              "path": "/nix/store/vqcc11g0yvf6lrx6jx64cc70wgrhpxmh-fzf-0.62.0",
              "default": true
            },
            {
              "name": "man",
              "path": "/nix/store/1rmvr8m0zf88i8jdddagbn1hnf9akn6p-fzf-0.62.0-man",
              "default": true
            }
          ],
          "store_path": "/nix/store/vqcc11g0yvf6lrx6jx64cc70wgrhpxmh-fzf-0.62.0"
        },
        "x86_64-linux": {
          "outputs": [
            {
              "name": "out",
              "path": "/nix/store/z3ayhjslz72ldiwrv3mn5n7rs96p2g8a-fzf-0.62.0",
              "default": true
            },
            {
              "name": "man",
              "path": "/nix/store/g8vh5bhpih072h8x9nbgngglq8gizjwf-fzf-0.62.0-man",
              "default": true
            }
          ],
          "store_path": "/nix/store/z3ayhjslz72ldiwrv3mn5n7rs96p2g8a-fzf-0.62.0"
        }
      }
    },
    "github:NixOS/nixpkgs/nixpkgs-unstable": {
      "last_modified": "2025-06-17T01:11:27Z",
      "resolved": "github:NixOS/nixpkgs/c539ae8d21e49776966d714f82fba33b1fca78bc?lastModified=1750122687&narHash=sha256-zcGClfkXh4pckf4aGOZ18GFv73n1xHbdMWl17cPLouE%3D"
    },
    "nodejs@22": {
      "last_modified": "2025-05-28T04:23:31Z",
      "plugin_version": "0.0.2",
      "resolved": "github:NixOS/nixpkgs/3d1f29646e4b57ed468d60f9d286cde23a8d1707#nodejs_22",
      "source": "devbox-search",
      "version": "22.14.0",
      "systems": {
        "aarch64-darwin": {
          "outputs": [
            {
              "name": "out",
              "path": "/nix/store/g5bv4gi6p7ryhs2hbaryxs6ivsxa6lqc-nodejs-22.14.0",
              "default": true
            },
            {
              "name": "dev",
              "path": "/nix/store/96vpirdcns8zxdwzwl7n804012lwrf1n-nodejs-22.14.0-dev"
            },
            {
              "name": "libv8",
              "path": "/nix/store/xph2837xqjnra80mqlk64xp7vb3kkqxs-nodejs-22.14.0-libv8"
            }
          ],
          "store_path": "/nix/store/g5bv4gi6p7ryhs2hbaryxs6ivsxa6lqc-nodejs-22.14.0"
        },
        "aarch64-linux": {
          "outputs": [
            {
              "name": "out",
              "path": "/nix/store/cwb781xbp70f72njqh8vhvbsf1xq87i5-nodejs-22.14.0",
              "default": true
            },
            {
              "name": "dev",
              "path": "/nix/store/0w5mql46am2qai707a42q983l44l1h9z-nodejs-22.14.0-dev"
            },
            {
              "name": "libv8",
              "path": "/nix/store/vy56lahz381ayvw3hym3wj4r4ggv7gbk-nodejs-22.14.0-libv8"
            }
          ],
          "store_path": "/nix/store/cwb781xbp70f72njqh8vhvbsf1xq87i5-nodejs-22.14.0"
        },
        "x86_64-darwin": {
          "outputs": [
            {
              "name": "out",
              "path": "/nix/store/086zjv14ipka2vbpgwil3xyvi5ml4vh3-nodejs-22.14.0",
              "default": true
            },
            {
              "name": "dev",
              "path": "/nix/store/24n01nfvy908pwzwpgsl0k4227187i7i-nodejs-22.14.0-dev"
            },
            {
              "name": "libv8",
              "path": "/nix/store/jiwk0in1wk85crn9vp03gg937gbh1s0w-nodejs-22.14.0-libv8"
            }
          ],
          "store_path": "/nix/store/086zjv14ipka2vbpgwil3xyvi5ml4vh3-nodejs-22.14.0"
        },
        "x86_64-linux": {
          "outputs": [
            {
              "name": "out",
              "path": "/nix/store/c8jxsih8yy2rnncdmx2hyraizf689nvp-nodejs-22.14.0",
              "default": true
            },
            {
              "name": "libv8",
              "path": "/nix/store/s8gnrgh9hgnbkrc1wrn21d6zvkbvm9vi-nodejs-22.14.0-libv8"
            },
            {
              "name": "dev",
              "path": "/nix/store/xw8c1c0inxq3xl1d7axz19vq8c05kjk5-nodejs-22.14.0-dev"
            }
          ],
          "store_path": "/nix/store/c8jxsih8yy2rnncdmx2hyraizf689nvp-nodejs-22.14.0"
        }
      }
    },
    "pnpm@latest": {
      "last_modified": "2025-06-11T05:21:29Z",
      "resolved": "github:NixOS/nixpkgs/f72be405a10668b8b00937b452f2145244103ebc#pnpm",
      "source": "devbox-search",
      "version": "10.12.1",
      "systems": {
        "aarch64-darwin": {
          "outputs": [
            {
              "name": "out",
              "path": "/nix/store/acxa9qpww78igzcsdb6l34faj9m8qr7g-pnpm-10.12.1",
              "default": true
            }
          ],
          "store_path": "/nix/store/acxa9qpww78igzcsdb6l34faj9m8qr7g-pnpm-10.12.1"
        },
        "aarch64-linux": {
          "outputs": [
            {
              "name": "out",
              "path": "/nix/store/w3nwhkzswkymm7rjfrpkki4j92662ky2-pnpm-10.12.1",
              "default": true
            }
          ],
          "store_path": "/nix/store/w3nwhkzswkymm7rjfrpkki4j92662ky2-pnpm-10.12.1"
        },
        "x86_64-darwin": {
          "outputs": [
            {
              "name": "out",
              "path": "/nix/store/0aw3l7ihiw9019z23228k0kg83g228pa-pnpm-10.12.1",
              "default": true
            }
          ],
          "store_path": "/nix/store/0aw3l7ihiw9019z23228k0kg83g228pa-pnpm-10.12.1"
        },
        "x86_64-linux": {
          "outputs": [
            {
              "name": "out",
              "path": "/nix/store/3kmyic2mqd6nhcd15yhp2k3gbar7glxk-pnpm-10.12.1",
              "default": true
            }
          ],
          "store_path": "/nix/store/3kmyic2mqd6nhcd15yhp2k3gbar7glxk-pnpm-10.12.1"
        }
      }
    },
    "pulumi@latest": {
      "last_modified": "2025-05-16T20:19:48Z",
      "resolved": "github:NixOS/nixpkgs/12a55407652e04dcf2309436eb06fef0d3713ef3#pulumi",
      "source": "devbox-search",
      "version": "3.162.0",
      "systems": {
        "aarch64-darwin": {
          "outputs": [
            {
              "name": "out",
              "path": "/nix/store/7c0zvx95gdjw4l7i204dx7p8qy53xl5b-pulumi-3.162.0",
              "default": true
            }
          ],
          "store_path": "/nix/store/7c0zvx95gdjw4l7i204dx7p8qy53xl5b-pulumi-3.162.0"
        },
        "aarch64-linux": {
          "outputs": [
            {
              "name": "out",
              "path": "/nix/store/7hywb6nj3ncb4vxgajy5rx08585gimnm-pulumi-3.162.0",
              "default": true
            }
          ],
          "store_path": "/nix/store/7hywb6nj3ncb4vxgajy5rx08585gimnm-pulumi-3.162.0"
        },
        "x86_64-darwin": {
          "outputs": [
            {
              "name": "out",
              "path": "/nix/store/mnv181ligy9sa1kcnm2dlwxvvd20b0q2-pulumi-3.162.0",
              "default": true
            }
          ],
          "store_path": "/nix/store/mnv181ligy9sa1kcnm2dlwxvvd20b0q2-pulumi-3.162.0"
        },
        "x86_64-linux": {
          "outputs": [
            {
              "name": "out",
              "path": "/nix/store/vf5wwsm7xf2xwq9763k4xwgr0k8w9j3n-pulumi-3.162.0",
              "default": true
            }
          ],
          "store_path": "/nix/store/vf5wwsm7xf2xwq9763k4xwgr0k8w9j3n-pulumi-3.162.0"
        }
      }
    },
    "pulumiPackages.pulumi-language-nodejs@latest": {
      "last_modified": "2025-03-24T07:07:41Z",
      "resolved": "github:NixOS/nixpkgs/1750f3c1c89488e2ffdd47cab9d05454dddfb734#pulumiPackages.pulumi-language-nodejs",
      "source": "devbox-search",
      "version": "3.156.0",
      "systems": {
        "aarch64-darwin": {
          "outputs": [
            {
              "name": "out",
              "path": "/nix/store/rzc9kw1w8k4di3x0ipfmx28qk5k7xl7s-pulumi-language-nodejs-3.156.0",
              "default": true
            }
          ],
          "store_path": "/nix/store/rzc9kw1w8k4di3x0ipfmx28qk5k7xl7s-pulumi-language-nodejs-3.156.0"
        },
        "aarch64-linux": {
          "outputs": [
            {
              "name": "out",
              "path": "/nix/store/0kaqx7v69ylnzcg1znc84dc428sw05sz-pulumi-language-nodejs-3.156.0",
              "default": true
            }
          ],
          "store_path": "/nix/store/0kaqx7v69ylnzcg1znc84dc428sw05sz-pulumi-language-nodejs-3.156.0"
        },
        "x86_64-darwin": {
          "outputs": [
            {
              "name": "out",
              "path": "/nix/store/4dg48jzgsff4bd5walppkb1kyzfnh5kj-pulumi-language-nodejs-3.156.0",
              "default": true
            }
          ],
          "store_path": "/nix/store/4dg48jzgsff4bd5walppkb1kyzfnh5kj-pulumi-language-nodejs-3.156.0"
        },
        "x86_64-linux": {
          "outputs": [
            {
              "name": "out",
              "path": "/nix/store/y8gla1x3vcyy72v8dl59hqqwmvy30d6b-pulumi-language-nodejs-3.156.0",
              "default": true
            }
          ],
          "store_path": "/nix/store/y8gla1x3vcyy72v8dl59hqqwmvy30d6b-pulumi-language-nodejs-3.156.0"
        }
      }
    }
  }
}
